// !$*UTF8*$!
{
	archiveVersion = 1;
	classes = {
	};
	objectVersion = 46;
	objects = {

/* Begin PBXBuildFile section */
		89AC24C81D232D7F00337B9D /* AppDelegate.swift in Sources */ = {isa = PBXBuildFile; fileRef = 89AC24C71D232D7F00337B9D /* AppDelegate.swift */; };
		89AC24CC1D232D7F00337B9D /* GameScene.swift in Sources */ = {isa = PBXBuildFile; fileRef = 89AC24CB1D232D7F00337B9D /* GameScene.swift */; };
		89AC24CE1D232D7F00337B9D /* GameViewController.swift in Sources */ = {isa = PBXBuildFile; fileRef = 89AC24CD1D232D7F00337B9D /* GameViewController.swift */; };
		89AC24D11D232D7F00337B9D /* Main.storyboard in Resources */ = {isa = PBXBuildFile; fileRef = 89AC24CF1D232D7F00337B9D /* Main.storyboard */; };
		89AC24D31D232D7F00337B9D /* Assets.xcassets in Resources */ = {isa = PBXBuildFile; fileRef = 89AC24D21D232D7F00337B9D /* Assets.xcassets */; };
		89AC24D61D232D7F00337B9D /* LaunchScreen.storyboard in Resources */ = {isa = PBXBuildFile; fileRef = 89AC24D41D232D7F00337B9D /* LaunchScreen.storyboard */; };
		89E918D61D2497DA002EACA7 /* backgrounds.atlas in Resources */ = {isa = PBXBuildFile; fileRef = 89E918BB1D2497DA002EACA7 /* backgrounds.atlas */; };
		89E918D71D2497DA002EACA7 /* sprites.atlas in Resources */ = {isa = PBXBuildFile; fileRef = 89E918BC1D2497DA002EACA7 /* sprites.atlas */; };
		89E918D81D2497DA002EACA7 /* icon.png in Resources */ = {isa = PBXBuildFile; fileRef = 89E918BE1D2497DA002EACA7 /* icon.png */; };
		89E918D91D2497DA002EACA7 /* launch.png in Resources */ = {isa = PBXBuildFile; fileRef = 89E918BF1D2497DA002EACA7 /* launch.png */; };
		89E918DA1D2497DA002EACA7 /* CGFloat+Extensions.swift in Sources */ = {isa = PBXBuildFile; fileRef = 89E918C11D2497DA002EACA7 /* CGFloat+Extensions.swift */; };
		89E918DB1D2497DA002EACA7 /* CGPoint+Extensions.swift in Sources */ = {isa = PBXBuildFile; fileRef = 89E918C21D2497DA002EACA7 /* CGPoint+Extensions.swift */; };
		89E918DC1D2497DA002EACA7 /* CGVector+Extensions.swift in Sources */ = {isa = PBXBuildFile; fileRef = 89E918C31D2497DA002EACA7 /* CGVector+Extensions.swift */; };
		89E918DD1D2497DA002EACA7 /* Int+Extensions.swift in Sources */ = {isa = PBXBuildFile; fileRef = 89E918C41D2497DA002EACA7 /* Int+Extensions.swift */; };
		89E918DE1D2497DA002EACA7 /* SKAction+Extensions.swift in Sources */ = {isa = PBXBuildFile; fileRef = 89E918C51D2497DA002EACA7 /* SKAction+Extensions.swift */; };
		89E918DF1D2497DA002EACA7 /* SKAction+SpecialEffects.swift in Sources */ = {isa = PBXBuildFile; fileRef = 89E918C61D2497DA002EACA7 /* SKAction+SpecialEffects.swift */; };
		89E918E01D2497DA002EACA7 /* SKColor+Extensions.swift in Sources */ = {isa = PBXBuildFile; fileRef = 89E918C71D2497DA002EACA7 /* SKColor+Extensions.swift */; };
		89E918E11D2497DA002EACA7 /* SKNode+Extensions.swift in Sources */ = {isa = PBXBuildFile; fileRef = 89E918C81D2497DA002EACA7 /* SKNode+Extensions.swift */; };
		89E918E21D2497DA002EACA7 /* SKTAudio.swift in Sources */ = {isa = PBXBuildFile; fileRef = 89E918C91D2497DA002EACA7 /* SKTAudio.swift */; };
		89E918E31D2497DA002EACA7 /* SKTEffects.swift in Sources */ = {isa = PBXBuildFile; fileRef = 89E918CA1D2497DA002EACA7 /* SKTEffects.swift */; };
		89E918E41D2497DA002EACA7 /* SKTTimingFunctions.swift in Sources */ = {isa = PBXBuildFile; fileRef = 89E918CB1D2497DA002EACA7 /* SKTTimingFunctions.swift */; };
		89E918E51D2497DA002EACA7 /* Vector3.swift in Sources */ = {isa = PBXBuildFile; fileRef = 89E918CC1D2497DA002EACA7 /* Vector3.swift */; };
		89E918E61D2497DA002EACA7 /* coin.wav in Resources */ = {isa = PBXBuildFile; fileRef = 89E918CF1D2497DA002EACA7 /* coin.wav */; };
		89E918E71D2497DA002EACA7 /* ding.wav in Resources */ = {isa = PBXBuildFile; fileRef = 89E918D01D2497DA002EACA7 /* ding.wav */; };
		89E918E81D2497DA002EACA7 /* falling.wav in Resources */ = {isa = PBXBuildFile; fileRef = 89E918D11D2497DA002EACA7 /* falling.wav */; };
		89E918E91D2497DA002EACA7 /* flapping.wav in Resources */ = {isa = PBXBuildFile; fileRef = 89E918D21D2497DA002EACA7 /* flapping.wav */; };
		89E918EA1D2497DA002EACA7 /* hitGround.wav in Resources */ = {isa = PBXBuildFile; fileRef = 89E918D31D2497DA002EACA7 /* hitGround.wav */; };
		89E918EB1D2497DA002EACA7 /* pop.wav in Resources */ = {isa = PBXBuildFile; fileRef = 89E918D41D2497DA002EACA7 /* pop.wav */; };
		89E918EC1D2497DA002EACA7 /* whack.wav in Resources */ = {isa = PBXBuildFile; fileRef = 89E918D51D2497DA002EACA7 /* whack.wav */; };
/* End PBXBuildFile section */

/* Begin PBXFileReference section */
		89AC24C41D232D7F00337B9D /* FlappyBernie.app */ = {isa = PBXFileReference; explicitFileType = wrapper.application; includeInIndex = 0; path = FlappyBernie.app; sourceTree = BUILT_PRODUCTS_DIR; };
		89AC24C71D232D7F00337B9D /* AppDelegate.swift */ = {isa = PBXFileReference; lastKnownFileType = sourcecode.swift; path = AppDelegate.swift; sourceTree = "<group>"; };
		89AC24CB1D232D7F00337B9D /* GameScene.swift */ = {isa = PBXFileReference; lastKnownFileType = sourcecode.swift; path = GameScene.swift; sourceTree = "<group>"; };
		89AC24CD1D232D7F00337B9D /* GameViewController.swift */ = {isa = PBXFileReference; lastKnownFileType = sourcecode.swift; path = GameViewController.swift; sourceTree = "<group>"; };
		89AC24D01D232D7F00337B9D /* Base */ = {isa = PBXFileReference; lastKnownFileType = file.storyboard; name = Base; path = Base.lproj/Main.storyboard; sourceTree = "<group>"; };
		89AC24D21D232D7F00337B9D /* Assets.xcassets */ = {isa = PBXFileReference; lastKnownFileType = folder.assetcatalog; path = Assets.xcassets; sourceTree = "<group>"; };
		89AC24D51D232D7F00337B9D /* Base */ = {isa = PBXFileReference; lastKnownFileType = file.storyboard; name = Base; path = Base.lproj/LaunchScreen.storyboard; sourceTree = "<group>"; };
		89AC24D71D232D7F00337B9D /* Info.plist */ = {isa = PBXFileReference; lastKnownFileType = text.plist.xml; path = Info.plist; sourceTree = "<group>"; };
		89E918BB1D2497DA002EACA7 /* backgrounds.atlas */ = {isa = PBXFileReference; lastKnownFileType = folder.skatlas; path = backgrounds.atlas; sourceTree = "<group>"; };
		89E918BC1D2497DA002EACA7 /* sprites.atlas */ = {isa = PBXFileReference; lastKnownFileType = folder.skatlas; path = sprites.atlas; sourceTree = "<group>"; };
		89E918BE1D2497DA002EACA7 /* icon.png */ = {isa = PBXFileReference; lastKnownFileType = image.png; path = icon.png; sourceTree = "<group>"; };
		89E918BF1D2497DA002EACA7 /* launch.png */ = {isa = PBXFileReference; lastKnownFileType = image.png; path = launch.png; sourceTree = "<group>"; };
		89E918C11D2497DA002EACA7 /* CGFloat+Extensions.swift */ = {isa = PBXFileReference; fileEncoding = 4; lastKnownFileType = sourcecode.swift; path = "CGFloat+Extensions.swift"; sourceTree = "<group>"; };
		89E918C21D2497DA002EACA7 /* CGPoint+Extensions.swift */ = {isa = PBXFileReference; fileEncoding = 4; lastKnownFileType = sourcecode.swift; path = "CGPoint+Extensions.swift"; sourceTree = "<group>"; };
		89E918C31D2497DA002EACA7 /* CGVector+Extensions.swift */ = {isa = PBXFileReference; fileEncoding = 4; lastKnownFileType = sourcecode.swift; path = "CGVector+Extensions.swift"; sourceTree = "<group>"; };
		89E918C41D2497DA002EACA7 /* Int+Extensions.swift */ = {isa = PBXFileReference; fileEncoding = 4; lastKnownFileType = sourcecode.swift; path = "Int+Extensions.swift"; sourceTree = "<group>"; };
		89E918C51D2497DA002EACA7 /* SKAction+Extensions.swift */ = {isa = PBXFileReference; fileEncoding = 4; lastKnownFileType = sourcecode.swift; path = "SKAction+Extensions.swift"; sourceTree = "<group>"; };
		89E918C61D2497DA002EACA7 /* SKAction+SpecialEffects.swift */ = {isa = PBXFileReference; fileEncoding = 4; lastKnownFileType = sourcecode.swift; path = "SKAction+SpecialEffects.swift"; sourceTree = "<group>"; };
		89E918C71D2497DA002EACA7 /* SKColor+Extensions.swift */ = {isa = PBXFileReference; fileEncoding = 4; lastKnownFileType = sourcecode.swift; path = "SKColor+Extensions.swift"; sourceTree = "<group>"; };
		89E918C81D2497DA002EACA7 /* SKNode+Extensions.swift */ = {isa = PBXFileReference; fileEncoding = 4; lastKnownFileType = sourcecode.swift; path = "SKNode+Extensions.swift"; sourceTree = "<group>"; };
		89E918C91D2497DA002EACA7 /* SKTAudio.swift */ = {isa = PBXFileReference; fileEncoding = 4; lastKnownFileType = sourcecode.swift; path = SKTAudio.swift; sourceTree = "<group>"; };
		89E918CA1D2497DA002EACA7 /* SKTEffects.swift */ = {isa = PBXFileReference; fileEncoding = 4; lastKnownFileType = sourcecode.swift; path = SKTEffects.swift; sourceTree = "<group>"; };
		89E918CB1D2497DA002EACA7 /* SKTTimingFunctions.swift */ = {isa = PBXFileReference; fileEncoding = 4; lastKnownFileType = sourcecode.swift; path = SKTTimingFunctions.swift; sourceTree = "<group>"; };
		89E918CC1D2497DA002EACA7 /* Vector3.swift */ = {isa = PBXFileReference; fileEncoding = 4; lastKnownFileType = sourcecode.swift; path = Vector3.swift; sourceTree = "<group>"; };
		89E918CF1D2497DA002EACA7 /* coin.wav */ = {isa = PBXFileReference; lastKnownFileType = audio.wav; path = coin.wav; sourceTree = "<group>"; };
		89E918D01D2497DA002EACA7 /* ding.wav */ = {isa = PBXFileReference; lastKnownFileType = audio.wav; path = ding.wav; sourceTree = "<group>"; };
		89E918D11D2497DA002EACA7 /* falling.wav */ = {isa = PBXFileReference; lastKnownFileType = audio.wav; path = falling.wav; sourceTree = "<group>"; };
		89E918D21D2497DA002EACA7 /* flapping.wav */ = {isa = PBXFileReference; lastKnownFileType = audio.wav; path = flapping.wav; sourceTree = "<group>"; };
		89E918D31D2497DA002EACA7 /* hitGround.wav */ = {isa = PBXFileReference; lastKnownFileType = audio.wav; path = hitGround.wav; sourceTree = "<group>"; };
		89E918D41D2497DA002EACA7 /* pop.wav */ = {isa = PBXFileReference; lastKnownFileType = audio.wav; path = pop.wav; sourceTree = "<group>"; };
		89E918D51D2497DA002EACA7 /* whack.wav */ = {isa = PBXFileReference; lastKnownFileType = audio.wav; path = whack.wav; sourceTree = "<group>"; };
/* End PBXFileReference section */

/* Begin PBXFrameworksBuildPhase section */
		89AC24C11D232D7F00337B9D /* Frameworks */ = {
			isa = PBXFrameworksBuildPhase;
			buildActionMask = 2147483647;
			files = (
			);
			runOnlyForDeploymentPostprocessing = 0;
		};
/* End PBXFrameworksBuildPhase section */

/* Begin PBXGroup section */
		89AC24BB1D232D7F00337B9D = {
			isa = PBXGroup;
			children = (
				89AC24C61D232D7F00337B9D /* FlappyBernie */,
				89AC24C51D232D7F00337B9D /* Products */,
			);
			sourceTree = "<group>";
		};
		89AC24C51D232D7F00337B9D /* Products */ = {
			isa = PBXGroup;
			children = (
				89AC24C41D232D7F00337B9D /* FlappyBernie.app */,
			);
			name = Products;
			sourceTree = "<group>";
		};
		89AC24C61D232D7F00337B9D /* FlappyBernie */ = {
			isa = PBXGroup;
			children = (
				89E918B91D2497DA002EACA7 /* BernieResources */,
				89AC24C71D232D7F00337B9D /* AppDelegate.swift */,
				89AC24CB1D232D7F00337B9D /* GameScene.swift */,
				89AC24CD1D232D7F00337B9D /* GameViewController.swift */,
				89AC24CF1D232D7F00337B9D /* Main.storyboard */,
				89AC24D21D232D7F00337B9D /* Assets.xcassets */,
				89AC24D41D232D7F00337B9D /* LaunchScreen.storyboard */,
				89AC24D71D232D7F00337B9D /* Info.plist */,
			);
			path = FlappyBernie;
			sourceTree = "<group>";
		};
		89E918B91D2497DA002EACA7 /* BernieResources */ = {
			isa = PBXGroup;
			children = (
				89E918BA1D2497DA002EACA7 /* Art */,
				89E918BD1D2497DA002EACA7 /* Icons */,
				89E918C01D2497DA002EACA7 /* SKTUtils */,
				89E918CD1D2497DA002EACA7 /* Sounds */,
			);
			path = BernieResources;
			sourceTree = "<group>";
		};
		89E918BA1D2497DA002EACA7 /* Art */ = {
			isa = PBXGroup;
			children = (
				89E918BB1D2497DA002EACA7 /* backgrounds.atlas */,
				89E918BC1D2497DA002EACA7 /* sprites.atlas */,
			);
			path = Art;
			sourceTree = "<group>";
		};
		89E918BD1D2497DA002EACA7 /* Icons */ = {
			isa = PBXGroup;
			children = (
				89E918BE1D2497DA002EACA7 /* icon.png */,
				89E918BF1D2497DA002EACA7 /* launch.png */,
			);
			path = Icons;
			sourceTree = "<group>";
		};
		89E918C01D2497DA002EACA7 /* SKTUtils */ = {
			isa = PBXGroup;
			children = (
				89E918C11D2497DA002EACA7 /* CGFloat+Extensions.swift */,
				89E918C21D2497DA002EACA7 /* CGPoint+Extensions.swift */,
				89E918C31D2497DA002EACA7 /* CGVector+Extensions.swift */,
				89E918C41D2497DA002EACA7 /* Int+Extensions.swift */,
				89E918C51D2497DA002EACA7 /* SKAction+Extensions.swift */,
				89E918C61D2497DA002EACA7 /* SKAction+SpecialEffects.swift */,
				89E918C71D2497DA002EACA7 /* SKColor+Extensions.swift */,
				89E918C81D2497DA002EACA7 /* SKNode+Extensions.swift */,
				89E918C91D2497DA002EACA7 /* SKTAudio.swift */,
				89E918CA1D2497DA002EACA7 /* SKTEffects.swift */,
				89E918CB1D2497DA002EACA7 /* SKTTimingFunctions.swift */,
				89E918CC1D2497DA002EACA7 /* Vector3.swift */,
			);
			path = SKTUtils;
			sourceTree = "<group>";
		};
		89E918CD1D2497DA002EACA7 /* Sounds */ = {
			isa = PBXGroup;
			children = (
				89E918CE1D2497DA002EACA7 /* .wdmc */,
				89E918CF1D2497DA002EACA7 /* coin.wav */,
				89E918D01D2497DA002EACA7 /* ding.wav */,
				89E918D11D2497DA002EACA7 /* falling.wav */,
				89E918D21D2497DA002EACA7 /* flapping.wav */,
				89E918D31D2497DA002EACA7 /* hitGround.wav */,
				89E918D41D2497DA002EACA7 /* pop.wav */,
				89E918D51D2497DA002EACA7 /* whack.wav */,
			);
			path = Sounds;
			sourceTree = "<group>";
		};
		89E918CE1D2497DA002EACA7 /* .wdmc */ = {
			isa = PBXGroup;
			children = (
			);
			path = .wdmc;
			sourceTree = "<group>";
		};
/* End PBXGroup section */

/* Begin PBXNativeTarget section */
		89AC24C31D232D7F00337B9D /* FlappyBernie */ = {
			isa = PBXNativeTarget;
			buildConfigurationList = 89AC24DA1D232D7F00337B9D /* Build configuration list for PBXNativeTarget "FlappyBernie" */;
			buildPhases = (
				89AC24C01D232D7F00337B9D /* Sources */,
				89AC24C11D232D7F00337B9D /* Frameworks */,
				89AC24C21D232D7F00337B9D /* Resources */,
			);
			buildRules = (
			);
			dependencies = (
			);
			name = FlappyBernie;
			productName = FlappyBernie;
			productReference = 89AC24C41D232D7F00337B9D /* FlappyBernie.app */;
			productType = "com.apple.product-type.application";
		};
/* End PBXNativeTarget section */

/* Begin PBXProject section */
		89AC24BC1D232D7F00337B9D /* Project object */ = {
			isa = PBXProject;
			attributes = {
				LastSwiftUpdateCheck = 0720;
				LastUpgradeCheck = 0720;
				ORGANIZATIONNAME = "William Lundy";
				TargetAttributes = {
					89AC24C31D232D7F00337B9D = {
						CreatedOnToolsVersion = 7.2.1;
						DevelopmentTeam = RF4M534773;
					};
				};
			};
			buildConfigurationList = 89AC24BF1D232D7F00337B9D /* Build configuration list for PBXProject "FlappyBernie" */;
			compatibilityVersion = "Xcode 3.2";
			developmentRegion = English;
			hasScannedForEncodings = 0;
			knownRegions = (
				en,
				Base,
			);
			mainGroup = 89AC24BB1D232D7F00337B9D;
			productRefGroup = 89AC24C51D232D7F00337B9D /* Products */;
			projectDirPath = "";
			projectRoot = "";
			targets = (
				89AC24C31D232D7F00337B9D /* FlappyBernie */,
			);
		};
/* End PBXProject section */

/* Begin PBXResourcesBuildPhase section */
		89AC24C21D232D7F00337B9D /* Resources */ = {
			isa = PBXResourcesBuildPhase;
			buildActionMask = 2147483647;
			files = (
				89E918D91D2497DA002EACA7 /* launch.png in Resources */,
				89E918D71D2497DA002EACA7 /* sprites.atlas in Resources */,
				89E918E81D2497DA002EACA7 /* falling.wav in Resources */,
				89AC24D61D232D7F00337B9D /* LaunchScreen.storyboard in Resources */,
				89E918D81D2497DA002EACA7 /* icon.png in Resources */,
				89E918EC1D2497DA002EACA7 /* whack.wav in Resources */,
				89AC24D31D232D7F00337B9D /* Assets.xcassets in Resources */,
				89E918E91D2497DA002EACA7 /* flapping.wav in Resources */,
				89E918E61D2497DA002EACA7 /* coin.wav in Resources */,
				89E918EB1D2497DA002EACA7 /* pop.wav in Resources */,
				89E918E71D2497DA002EACA7 /* ding.wav in Resources */,
				89E918EA1D2497DA002EACA7 /* hitGround.wav in Resources */,
				89AC24D11D232D7F00337B9D /* Main.storyboard in Resources */,
				89E918D61D2497DA002EACA7 /* backgrounds.atlas in Resources */,
			);
			runOnlyForDeploymentPostprocessing = 0;
		};
/* End PBXResourcesBuildPhase section */

/* Begin PBXSourcesBuildPhase section */
		89AC24C01D232D7F00337B9D /* Sources */ = {
			isa = PBXSourcesBuildPhase;
			buildActionMask = 2147483647;
			files = (
				89AC24CC1D232D7F00337B9D /* GameScene.swift in Sources */,
				89E918DB1D2497DA002EACA7 /* CGPoint+Extensions.swift in Sources */,
				89E918E41D2497DA002EACA7 /* SKTTimingFunctions.swift in Sources */,
				89E918E31D2497DA002EACA7 /* SKTEffects.swift in Sources */,
				89E918DF1D2497DA002EACA7 /* SKAction+SpecialEffects.swift in Sources */,
				89E918DC1D2497DA002EACA7 /* CGVector+Extensions.swift in Sources */,
				89E918DE1D2497DA002EACA7 /* SKAction+Extensions.swift in Sources */,
				89E918E01D2497DA002EACA7 /* SKColor+Extensions.swift in Sources */,
				89AC24CE1D232D7F00337B9D /* GameViewController.swift in Sources */,
				89E918DD1D2497DA002EACA7 /* Int+Extensions.swift in Sources */,
				89E918E11D2497DA002EACA7 /* SKNode+Extensions.swift in Sources */,
				89E918E21D2497DA002EACA7 /* SKTAudio.swift in Sources */,
				89E918DA1D2497DA002EACA7 /* CGFloat+Extensions.swift in Sources */,
				89E918E51D2497DA002EACA7 /* Vector3.swift in Sources */,
				89AC24C81D232D7F00337B9D /* AppDelegate.swift in Sources */,
			);
			runOnlyForDeploymentPostprocessing = 0;
		};
/* End PBXSourcesBuildPhase section */

/* Begin PBXVariantGroup section */
		89AC24CF1D232D7F00337B9D /* Main.storyboard */ = {
			isa = PBXVariantGroup;
			children = (
				89AC24D01D232D7F00337B9D /* Base */,
			);
			name = Main.storyboard;
			sourceTree = "<group>";
		};
		89AC24D41D232D7F00337B9D /* LaunchScreen.storyboard */ = {
			isa = PBXVariantGroup;
			children = (
				89AC24D51D232D7F00337B9D /* Base */,
			);
			name = LaunchScreen.storyboard;
			sourceTree = "<group>";
		};
/* End PBXVariantGroup section */

/* Begin XCBuildConfiguration section */
		89AC24D81D232D7F00337B9D /* Debug */ = {
			isa = XCBuildConfiguration;
			buildSettings = {
				ALWAYS_SEARCH_USER_PATHS = NO;
				CLANG_CXX_LANGUAGE_STANDARD = "gnu++0x";
				CLANG_CXX_LIBRARY = "libc++";
				CLANG_ENABLE_MODULES = YES;
				CLANG_ENABLE_OBJC_ARC = YES;
				CLANG_WARN_BOOL_CONVERSION = YES;
				CLANG_WARN_CONSTANT_CONVERSION = YES;
				CLANG_WARN_DIRECT_OBJC_ISA_USAGE = YES_ERROR;
				CLANG_WARN_EMPTY_BODY = YES;
				CLANG_WARN_ENUM_CONVERSION = YES;
				CLANG_WARN_INT_CONVERSION = YES;
				CLANG_WARN_OBJC_ROOT_CLASS = YES_ERROR;
				CLANG_WARN_UNREACHABLE_CODE = YES;
				CLANG_WARN__DUPLICATE_METHOD_MATCH = YES;
				"CODE_SIGN_IDENTITY[sdk=iphoneos*]" = "iPhone Developer";
				COPY_PHASE_STRIP = NO;
				DEBUG_INFORMATION_FORMAT = "dwarf-with-dsym";
				ENABLE_STRICT_OBJC_MSGSEND = YES;
				ENABLE_TESTABILITY = YES;
				GCC_C_LANGUAGE_STANDARD = gnu99;
				GCC_DYNAMIC_NO_PIC = NO;
				GCC_NO_COMMON_BLOCKS = YES;
				GCC_OPTIMIZATION_LEVEL = 0;
				GCC_PREPROCESSOR_DEFINITIONS = (
					"DEBUG=1",
					"$(inherited)",
				);
				GCC_WARN_64_TO_32_BIT_CONVERSION = YES;
				GCC_WARN_ABOUT_RETURN_TYPE = YES_ERROR;
				GCC_WARN_UNDECLARED_SELECTOR = YES;
				GCC_WARN_UNINITIALIZED_AUTOS = YES_AGGRESSIVE;
				GCC_WARN_UNUSED_FUNCTION = YES;
				GCC_WARN_UNUSED_VARIABLE = YES;
				IPHONEOS_DEPLOYMENT_TARGET = 9.2;
				MTL_ENABLE_DEBUG_INFO = YES;
				ONLY_ACTIVE_ARCH = YES;
				SDKROOT = iphoneos;
				SWIFT_OPTIMIZATION_LEVEL = "-Onone";
			};
			name = Debug;
		};
		89AC24D91D232D7F00337B9D /* Release */ = {
			isa = XCBuildConfiguration;
			buildSettings = {
				ALWAYS_SEARCH_USER_PATHS = NO;
				CLANG_CXX_LANGUAGE_STANDARD = "gnu++0x";
				CLANG_CXX_LIBRARY = "libc++";
				CLANG_ENABLE_MODULES = YES;
				CLANG_ENABLE_OBJC_ARC = YES;
				CLANG_WARN_BOOL_CONVERSION = YES;
				CLANG_WARN_CONSTANT_CONVERSION = YES;
				CLANG_WARN_DIRECT_OBJC_ISA_USAGE = YES_ERROR;
				CLANG_WARN_EMPTY_BODY = YES;
				CLANG_WARN_ENUM_CONVERSION = YES;
				CLANG_WARN_INT_CONVERSION = YES;
				CLANG_WARN_OBJC_ROOT_CLASS = YES_ERROR;
				CLANG_WARN_UNREACHABLE_CODE = YES;
				CLANG_WARN__DUPLICATE_METHOD_MATCH = YES;
				"CODE_SIGN_IDENTITY[sdk=iphoneos*]" = "iPhone Developer";
				COPY_PHASE_STRIP = NO;
				DEBUG_INFORMATION_FORMAT = "dwarf-with-dsym";
				ENABLE_NS_ASSERTIONS = NO;
				ENABLE_STRICT_OBJC_MSGSEND = YES;
				GCC_C_LANGUAGE_STANDARD = gnu99;
				GCC_NO_COMMON_BLOCKS = YES;
				GCC_WARN_64_TO_32_BIT_CONVERSION = YES;
				GCC_WARN_ABOUT_RETURN_TYPE = YES_ERROR;
				GCC_WARN_UNDECLARED_SELECTOR = YES;
				GCC_WARN_UNINITIALIZED_AUTOS = YES_AGGRESSIVE;
				GCC_WARN_UNUSED_FUNCTION = YES;
				GCC_WARN_UNUSED_VARIABLE = YES;
				IPHONEOS_DEPLOYMENT_TARGET = 9.2;
				MTL_ENABLE_DEBUG_INFO = NO;
				SDKROOT = iphoneos;
				VALIDATE_PRODUCT = YES;
			};
			name = Release;
		};
		89AC24DB1D232D7F00337B9D /* Debug */ = {
			isa = XCBuildConfiguration;
			buildSettings = {
				ASSETCATALOG_COMPILER_APPICON_NAME = AppIcon;
				INFOPLIST_FILE = FlappyBernie/Info.plist;
				LD_RUNPATH_SEARCH_PATHS = "$(inherited) @executable_path/Frameworks";
				PRODUCT_BUNDLE_IDENTIFIER = Pop.FlappyBernie;
				PRODUCT_NAME = "$(TARGET_NAME)";
			};
			name = Debug;
		};
		89AC24DC1D232D7F00337B9D /* Release */ = {
			isa = XCBuildConfiguration;
			buildSettings = {
				ASSETCATALOG_COMPILER_APPICON_NAME = AppIcon;
				INFOPLIST_FILE = FlappyBernie/Info.plist;
				LD_RUNPATH_SEARCH_PATHS = "$(inherited) @executable_path/Frameworks";
				PRODUCT_BUNDLE_IDENTIFIER = Pop.FlappyBernie;
				PRODUCT_NAME = "$(TARGET_NAME)";
			};
			name = Release;
		};
/* End XCBuildConfiguration section */

/* Begin XCConfigurationList section */
		89AC24BF1D232D7F00337B9D /* Build configuration list for PBXProject "FlappyBernie" */ = {
			isa = XCConfigurationList;
			buildConfigurations = (
				89AC24D81D232D7F00337B9D /* Debug */,
				89AC24D91D232D7F00337B9D /* Release */,
			);
			defaultConfigurationIsVisible = 0;
			defaultConfigurationName = Release;
		};
		89AC24DA1D232D7F00337B9D /* Build configuration list for PBXNativeTarget "FlappyBernie" */ = {
			isa = XCConfigurationList;
			buildConfigurations = (
				89AC24DB1D232D7F00337B9D /* Debug */,
				89AC24DC1D232D7F00337B9D /* Release */,
			);
			defaultConfigurationIsVisible = 0;
			defaultConfigurationName = Release;
		};
/* End XCConfigurationList section */
	};
	rootObject = 89AC24BC1D232D7F00337B9D /* Project object */;
}
